
Microsoft Visual Studio Solution File, Format Version 12.00
# Visual Studio Version 16
VisualStudioVersion = 16.0.29424.173
MinimumVisualStudioVersion = 10.0.40219.1
Project("{9A19103F-16F7-4668-BE54-9A1E7A4F7556}") = "ForgeApp", "ForgeApp\ForgeApp.csproj", "{5B7316C0-123C-4503-AC81-965988813BBA}"
EndProject
Global
	GlobalSection(SolutionConfigurationPlatforms) = preSolution
		Debug|Any CPU = Debug|Any CPU
		Release|Any CPU = Release|Any CPU
	EndGlobalSection
	GlobalSection(ProjectConfigurationPlatforms) = postSolution
		{5B7316C0-123C-4503-AC81-965988813BBA}.Debug|Any CPU.ActiveCfg = Debug|Any CPU
		{5B7316C0-123C-4503-AC81-965988813BBA}.Debug|Any CPU.Build.0 = Debug|Any CPU
		{5B7316C0-123C-4503-AC81-965988813BBA}.Release|Any CPU.ActiveCfg = Release|Any CPU
		{5B7316C0-123C-4503-AC81-965988813BBA}.Release|Any CPU.Build.0 = Release|Any CPU
	EndGlobalSection
	GlobalSection(SolutionProperties) = preSolution
		HideSolutionNode = FALSE
	EndGlobalSection
	GlobalSection(ExtensibilityGlobals) = postSolution
		SolutionGuid = {EBD1EFAC-0AFC-46F4-848A-16D098A5FBF1}
	EndGlobalSection
EndGlobal
